# THIS IS AN AUTOGENERATED FILE. DO NOT EDIT THIS FILE DIRECTLY.
# yarn lockfile v1


vuex-router-sync@^5.0.0:
  version "5.0.0"
  resolved "https://registry.yarnpkg.com/vuex-router-sync/-/vuex-router-sync-5.0.0.tgz#1a225c17a1dd9e2f74af0a1b2c62072e9492b305"
  integrity sha512-Mry2sO4kiAG64714X1CFpTA/shUH1DmkZ26DFDtwoM/yyx6OtMrc+MxrU+7vvbNLO9LSpgwkiJ8W+rlmRtsM+w==
